
Microsoft Visual Studio Solution File, Format Version 12.00
# Visual Studio Version 17
VisualStudioVersion = 17.1.32328.378
MinimumVisualStudioVersion = 10.0.40219.1
Project("{9A19103F-16F7-4668-BE54-9A1E7A4F7556}") = "BottleBot.Irc", "BottleBot.Irc\BottleBot.Irc.csproj", "{CEA5A933-D2A1-4027-8B78-71412E63289C}"
EndProject
Project("{9A19103F-16F7-4668-BE54-9A1E7A4F7556}") = "BottleBot.Commands.SlackNotify", "BottleBot.Commands.SlackNotify\BottleBot.Commands.SlackNotify.csproj", "{FDD5B38E-4738-48DB-9665-1EE616E543E5}"
EndProject
Project("{9A19103F-16F7-4668-BE54-9A1E7A4F7556}") = "BottleBot.Commands.Summarise", "BottleBot.Commands.Summarise\BottleBot.Commands.Summarise.csproj", "{CA84E6EF-0313-493A-9E29-9D0F15CC5E02}"
EndProject
Project("{FAE04EC0-301F-11D3-BF4B-00C04F79EFBC}") = "BottleBot.Commands", "BottleBot.Commands\BottleBot.Commands.csproj", "{87EC132E-95E9-45CC-B269-E3B54DA9A495}"
EndProject
Project("{FAE04EC0-301F-11D3-BF4B-00C04F79EFBC}") = "BottleBot.Messaging", "BottleBot.Messaging\BottleBot.Messaging.csproj", "{8E0B7DBB-E58E-44DD-A3C5-2E4E86F91653}"
EndProject
Project("{FAE04EC0-301F-11D3-BF4B-00C04F79EFBC}") = "BottleBot.Messaging.Processors", "BottleBot.Messaging.Processors\BottleBot.Messaging.Processors.csproj", "{62A9FA4D-025A-4A55-A9DB-F7B19880CFB6}"
EndProject
Project("{FAE04EC0-301F-11D3-BF4B-00C04F79EFBC}") = "BottleBot.Commands.Help", "BottleBot.Commands.Help\BottleBot.Commands.Help.csproj", "{7FC67313-1682-4E14-9BFA-E9BEF9E19F09}"
EndProject
Global
	GlobalSection(SolutionConfigurationPlatforms) = preSolution
		Debug|Any CPU = Debug|Any CPU
		Release|Any CPU = Release|Any CPU
	EndGlobalSection
	GlobalSection(ProjectConfigurationPlatforms) = postSolution
		{CEA5A933-D2A1-4027-8B78-71412E63289C}.Debug|Any CPU.ActiveCfg = Debug|Any CPU
		{CEA5A933-D2A1-4027-8B78-71412E63289C}.Debug|Any CPU.Build.0 = Debug|Any CPU
		{CEA5A933-D2A1-4027-8B78-71412E63289C}.Release|Any CPU.ActiveCfg = Release|Any CPU
		{CEA5A933-D2A1-4027-8B78-71412E63289C}.Release|Any CPU.Build.0 = Release|Any CPU
		{FDD5B38E-4738-48DB-9665-1EE616E543E5}.Debug|Any CPU.ActiveCfg = Debug|Any CPU
		{FDD5B38E-4738-48DB-9665-1EE616E543E5}.Debug|Any CPU.Build.0 = Debug|Any CPU
		{FDD5B38E-4738-48DB-9665-1EE616E543E5}.Release|Any CPU.ActiveCfg = Release|Any CPU
		{FDD5B38E-4738-48DB-9665-1EE616E543E5}.Release|Any CPU.Build.0 = Release|Any CPU
		{CA84E6EF-0313-493A-9E29-9D0F15CC5E02}.Debug|Any CPU.ActiveCfg = Debug|Any CPU
		{CA84E6EF-0313-493A-9E29-9D0F15CC5E02}.Debug|Any CPU.Build.0 = Debug|Any CPU
		{CA84E6EF-0313-493A-9E29-9D0F15CC5E02}.Release|Any CPU.ActiveCfg = Release|Any CPU
		{CA84E6EF-0313-493A-9E29-9D0F15CC5E02}.Release|Any CPU.Build.0 = Release|Any CPU
		{87EC132E-95E9-45CC-B269-E3B54DA9A495}.Debug|Any CPU.ActiveCfg = Debug|Any CPU
		{87EC132E-95E9-45CC-B269-E3B54DA9A495}.Debug|Any CPU.Build.0 = Debug|Any CPU
		{87EC132E-95E9-45CC-B269-E3B54DA9A495}.Release|Any CPU.ActiveCfg = Release|Any CPU
		{87EC132E-95E9-45CC-B269-E3B54DA9A495}.Release|Any CPU.Build.0 = Release|Any CPU
		{8E0B7DBB-E58E-44DD-A3C5-2E4E86F91653}.Debug|Any CPU.ActiveCfg = Debug|Any CPU
		{8E0B7DBB-E58E-44DD-A3C5-2E4E86F91653}.Debug|Any CPU.Build.0 = Debug|Any CPU
		{8E0B7DBB-E58E-44DD-A3C5-2E4E86F91653}.Release|Any CPU.ActiveCfg = Release|Any CPU
		{8E0B7DBB-E58E-44DD-A3C5-2E4E86F91653}.Release|Any CPU.Build.0 = Release|Any CPU
		{62A9FA4D-025A-4A55-A9DB-F7B19880CFB6}.Debug|Any CPU.ActiveCfg = Debug|Any CPU
		{62A9FA4D-025A-4A55-A9DB-F7B19880CFB6}.Debug|Any CPU.Build.0 = Debug|Any CPU
		{62A9FA4D-025A-4A55-A9DB-F7B19880CFB6}.Release|Any CPU.ActiveCfg = Release|Any CPU
		{62A9FA4D-025A-4A55-A9DB-F7B19880CFB6}.Release|Any CPU.Build.0 = Release|Any CPU
		{7FC67313-1682-4E14-9BFA-E9BEF9E19F09}.Debug|Any CPU.ActiveCfg = Debug|Any CPU
		{7FC67313-1682-4E14-9BFA-E9BEF9E19F09}.Debug|Any CPU.Build.0 = Debug|Any CPU
		{7FC67313-1682-4E14-9BFA-E9BEF9E19F09}.Release|Any CPU.ActiveCfg = Release|Any CPU
		{7FC67313-1682-4E14-9BFA-E9BEF9E19F09}.Release|Any CPU.Build.0 = Release|Any CPU
	EndGlobalSection
	GlobalSection(SolutionProperties) = preSolution
		HideSolutionNode = FALSE
	EndGlobalSection
	GlobalSection(ExtensibilityGlobals) = postSolution
		SolutionGuid = {57B13DFC-B170-4674-89F0-DBC3D6640566}
	EndGlobalSection
EndGlobal
